
Microsoft Visual Studio Solution File, Format Version 12.00
# Visual Studio Version 17
VisualStudioVersion = 17.8.34227.203
MinimumVisualStudioVersion = 10.0.40219.1
Project("{FAE04EC0-301F-11D3-BF4B-00C04F79EFBC}") = "EventApp", "EventApp\EventApp.csproj", "{005310DE-5B42-4E12-B0E0-FA25D1434092}"
EndProject
Global
	GlobalSection(SolutionConfigurationPlatforms) = preSolution
		Debug|Any CPU = Debug|Any CPU
		Release|Any CPU = Release|Any CPU
	EndGlobalSection
	GlobalSection(ProjectConfigurationPlatforms) = postSolution
		{005310DE-5B42-4E12-B0E0-FA25D1434092}.Debug|Any CPU.ActiveCfg = Debug|Any CPU
		{005310DE-5B42-4E12-B0E0-FA25D1434092}.Debug|Any CPU.Build.0 = Debug|Any CPU
		{005310DE-5B42-4E12-B0E0-FA25D1434092}.Release|Any CPU.ActiveCfg = Release|Any CPU
		{005310DE-5B42-4E12-B0E0-FA25D1434092}.Release|Any CPU.Build.0 = Release|Any CPU
	EndGlobalSection
	GlobalSection(SolutionProperties) = preSolution
		HideSolutionNode = FALSE
	EndGlobalSection
	GlobalSection(ExtensibilityGlobals) = postSolution
		SolutionGuid = {E7096332-FF6E-44B5-8F5E-D2D5766CEA58}
	EndGlobalSection
EndGlobal
